// !$*UTF8*$!
{
	archiveVersion = 1;
	classes = {
	};
	objectVersion = 46;
	objects = {

/* Begin PBXBuildFile section */
		1059840E1E5E859A0063941D /* AppDelegate.swift in Sources */ = {isa = PBXBuildFile; fileRef = 1059840D1E5E859A0063941D /* AppDelegate.swift */; };
		105984101E5E859A0063941D /* ViewController.swift in Sources */ = {isa = PBXBuildFile; fileRef = 1059840F1E5E859A0063941D /* ViewController.swift */; };
		105984131E5E859A0063941D /* Main.storyboard in Resources */ = {isa = PBXBuildFile; fileRef = 105984111E5E859A0063941D /* Main.storyboard */; };
		105984151E5E859A0063941D /* Assets.xcassets in Resources */ = {isa = PBXBuildFile; fileRef = 105984141E5E859A0063941D /* Assets.xcassets */; };
		105984181E5E859A0063941D /* LaunchScreen.storyboard in Resources */ = {isa = PBXBuildFile; fileRef = 105984161E5E859A0063941D /* LaunchScreen.storyboard */; };
		105984231E5E859A0063941D /* SwiftTestsTests.swift in Sources */ = {isa = PBXBuildFile; fileRef = 105984221E5E859A0063941D /* SwiftTestsTests.swift */; };
		1059842E1E5E859A0063941D /* SwiftTestsUITests.swift in Sources */ = {isa = PBXBuildFile; fileRef = 1059842D1E5E859A0063941D /* SwiftTestsUITests.swift */; };
		105984571E5F46750063941D /* FOAMSupport.swift in Sources */ = {isa = PBXBuildFile; fileRef = 105984561E5F46750063941D /* FOAMSupport.swift */; };
		1070B5F61E81CEAA0096B49D /* foam_dao_DAO.swift in Sources */ = {isa = PBXBuildFile; fileRef = 1070B5C01E81CEAA0096B49D /* foam_dao_DAO.swift */; };
		1070B5F71E81CEAA0096B49D /* foam_dao_FlowControl.swift in Sources */ = {isa = PBXBuildFile; fileRef = 1070B5C11E81CEAA0096B49D /* foam_dao_FlowControl.swift */; };
		1070B5F81E81CEAA0096B49D /* foam_dao_Sink.swift in Sources */ = {isa = PBXBuildFile; fileRef = 1070B5C21E81CEAA0096B49D /* foam_dao_Sink.swift */; };
		1070B5F91E81CEAA0096B49D /* foam_swift_core_ConstantSlot.swift in Sources */ = {isa = PBXBuildFile; fileRef = 1070B5C31E81CEAA0096B49D /* foam_swift_core_ConstantSlot.swift */; };
		1070B5FA1E81CEAA0096B49D /* foam_swift_core_PropertySlot.swift in Sources */ = {isa = PBXBuildFile; fileRef = 1070B5C41E81CEAA0096B49D /* foam_swift_core_PropertySlot.swift */; };
		1070B5FB1E81CEAA0096B49D /* foam_swift_core_Slot.swift in Sources */ = {isa = PBXBuildFile; fileRef = 1070B5C51E81CEAA0096B49D /* foam_swift_core_Slot.swift */; };
		1070B5FC1E81CEAA0096B49D /* foam_swift_dao_ArrayDAO.swift in Sources */ = {isa = PBXBuildFile; fileRef = 1070B5C61E81CEAA0096B49D /* foam_swift_dao_ArrayDAO.swift */; };
		1070B5FD1E81CEAA0096B49D /* foam_swift_dao_ArraySink.swift in Sources */ = {isa = PBXBuildFile; fileRef = 1070B5C71E81CEAA0096B49D /* foam_swift_dao_ArraySink.swift */; };
		1070B5FE1E81CEAA0096B49D /* foam_swift_parse_json_AnyKeyParser.swift in Sources */ = {isa = PBXBuildFile; fileRef = 1070B5C81E81CEAA0096B49D /* foam_swift_parse_json_AnyKeyParser.swift */; };
		1070B5FF1E81CEAA0096B49D /* foam_swift_parse_json_AnyParser.swift in Sources */ = {isa = PBXBuildFile; fileRef = 1070B5C91E81CEAA0096B49D /* foam_swift_parse_json_AnyParser.swift */; };
		1070B6001E81CEAA0096B49D /* foam_swift_parse_json_ArrayParser.swift in Sources */ = {isa = PBXBuildFile; fileRef = 1070B5CA1E81CEAA0096B49D /* foam_swift_parse_json_ArrayParser.swift */; };
		1070B6011E81CEAA0096B49D /* foam_swift_parse_json_BooleanParser.swift in Sources */ = {isa = PBXBuildFile; fileRef = 1070B5CB1E81CEAA0096B49D /* foam_swift_parse_json_BooleanParser.swift */; };
		1070B6021E81CEAA0096B49D /* foam_swift_parse_json_DateParser.swift in Sources */ = {isa = PBXBuildFile; fileRef = 1070B5CC1E81CEAA0096B49D /* foam_swift_parse_json_DateParser.swift */; };
		1070B6031E81CEAA0096B49D /* foam_swift_parse_json_ExprParser.swift in Sources */ = {isa = PBXBuildFile; fileRef = 1070B5CD1E81CEAA0096B49D /* foam_swift_parse_json_ExprParser.swift */; };
		1070B6041E81CEAA0096B49D /* foam_swift_parse_json_FloatParser.swift in Sources */ = {isa = PBXBuildFile; fileRef = 1070B5CE1E81CEAA0096B49D /* foam_swift_parse_json_FloatParser.swift */; };
		1070B6051E81CEAA0096B49D /* foam_swift_parse_json_FObjectArrayParser.swift in Sources */ = {isa = PBXBuildFile; fileRef = 1070B5CF1E81CEAA0096B49D /* foam_swift_parse_json_FObjectArrayParser.swift */; };
		1070B6061E81CEAA0096B49D /* foam_swift_parse_json_FObjectParser_.swift in Sources */ = {isa = PBXBuildFile; fileRef = 1070B5D01E81CEAA0096B49D /* foam_swift_parse_json_FObjectParser_.swift */; };
		1070B6071E81CEAA0096B49D /* foam_swift_parse_json_FObjectParser.swift in Sources */ = {isa = PBXBuildFile; fileRef = 1070B5D11E81CEAA0096B49D /* foam_swift_parse_json_FObjectParser.swift */; };
		1070B6081E81CEAA0096B49D /* foam_swift_parse_json_IntParser.swift in Sources */ = {isa = PBXBuildFile; fileRef = 1070B5D21E81CEAA0096B49D /* foam_swift_parse_json_IntParser.swift */; };
		1070B6091E81CEAA0096B49D /* foam_swift_parse_json_KeyParser.swift in Sources */ = {isa = PBXBuildFile; fileRef = 1070B5D31E81CEAA0096B49D /* foam_swift_parse_json_KeyParser.swift */; };
		1070B60A1E81CEAA0096B49D /* foam_swift_parse_json_LongParser.swift in Sources */ = {isa = PBXBuildFile; fileRef = 1070B5D41E81CEAA0096B49D /* foam_swift_parse_json_LongParser.swift */; };
		1070B60B1E81CEAA0096B49D /* foam_swift_parse_json_MapParser.swift in Sources */ = {isa = PBXBuildFile; fileRef = 1070B5D51E81CEAA0096B49D /* foam_swift_parse_json_MapParser.swift */; };
		1070B60C1E81CEAA0096B49D /* foam_swift_parse_json_NullParser.swift in Sources */ = {isa = PBXBuildFile; fileRef = 1070B5D61E81CEAA0096B49D /* foam_swift_parse_json_NullParser.swift */; };
		1070B60D1E81CEAA0096B49D /* foam_swift_parse_json_output_Outputter.swift in Sources */ = {isa = PBXBuildFile; fileRef = 1070B5D71E81CEAA0096B49D /* foam_swift_parse_json_output_Outputter.swift */; };
		1070B60E1E81CEAA0096B49D /* foam_swift_parse_json_PropertyParser.swift in Sources */ = {isa = PBXBuildFile; fileRef = 1070B5D81E81CEAA0096B49D /* foam_swift_parse_json_PropertyParser.swift */; };
		1070B60F1E81CEAA0096B49D /* foam_swift_parse_json_StringParser.swift in Sources */ = {isa = PBXBuildFile; fileRef = 1070B5D91E81CEAA0096B49D /* foam_swift_parse_json_StringParser.swift */; };
		1070B6101E81CEAA0096B49D /* foam_swift_parse_json_Whitespace.swift in Sources */ = {isa = PBXBuildFile; fileRef = 1070B5DA1E81CEAA0096B49D /* foam_swift_parse_json_Whitespace.swift */; };
		1070B6111E81CEAA0096B49D /* foam_swift_parse_parser_Alt.swift in Sources */ = {isa = PBXBuildFile; fileRef = 1070B5DB1E81CEAA0096B49D /* foam_swift_parse_parser_Alt.swift */; };
		1070B6121E81CEAA0096B49D /* foam_swift_parse_parser_AnyChar.swift in Sources */ = {isa = PBXBuildFile; fileRef = 1070B5DC1E81CEAA0096B49D /* foam_swift_parse_parser_AnyChar.swift */; };
		1070B6131E81CEAA0096B49D /* foam_swift_parse_parser_Chars.swift in Sources */ = {isa = PBXBuildFile; fileRef = 1070B5DD1E81CEAA0096B49D /* foam_swift_parse_parser_Chars.swift */; };
		1070B6141E81CEAA0096B49D /* foam_swift_parse_parser_Fail.swift in Sources */ = {isa = PBXBuildFile; fileRef = 1070B5DE1E81CEAA0096B49D /* foam_swift_parse_parser_Fail.swift */; };
		1070B6151E81CEAA0096B49D /* foam_swift_parse_parser_Literal.swift in Sources */ = {isa = PBXBuildFile; fileRef = 1070B5DF1E81CEAA0096B49D /* foam_swift_parse_parser_Literal.swift */; };
		1070B6161E81CEAA0096B49D /* foam_swift_parse_parser_Not.swift in Sources */ = {isa = PBXBuildFile; fileRef = 1070B5E01E81CEAA0096B49D /* foam_swift_parse_parser_Not.swift */; };
		1070B6171E81CEAA0096B49D /* foam_swift_parse_parser_NotChar.swift in Sources */ = {isa = PBXBuildFile; fileRef = 1070B5E11E81CEAA0096B49D /* foam_swift_parse_parser_NotChar.swift */; };
		1070B6181E81CEAA0096B49D /* foam_swift_parse_parser_NotChars.swift in Sources */ = {isa = PBXBuildFile; fileRef = 1070B5E21E81CEAA0096B49D /* foam_swift_parse_parser_NotChars.swift */; };
		1070B6191E81CEAA0096B49D /* foam_swift_parse_parser_Optional.swift in Sources */ = {isa = PBXBuildFile; fileRef = 1070B5E31E81CEAA0096B49D /* foam_swift_parse_parser_Optional.swift */; };
		1070B61A1E81CEAA0096B49D /* foam_swift_parse_parser_Parser.swift in Sources */ = {isa = PBXBuildFile; fileRef = 1070B5E41E81CEAA0096B49D /* foam_swift_parse_parser_Parser.swift */; };
		1070B61B1E81CEAA0096B49D /* foam_swift_parse_parser_ProxyParser.swift in Sources */ = {isa = PBXBuildFile; fileRef = 1070B5E51E81CEAA0096B49D /* foam_swift_parse_parser_ProxyParser.swift */; };
		1070B61C1E81CEAA0096B49D /* foam_swift_parse_parser_Repeat.swift in Sources */ = {isa = PBXBuildFile; fileRef = 1070B5E61E81CEAA0096B49D /* foam_swift_parse_parser_Repeat.swift */; };
		1070B61D1E81CEAA0096B49D /* foam_swift_parse_parser_Repeat0.swift in Sources */ = {isa = PBXBuildFile; fileRef = 1070B5E71E81CEAA0096B49D /* foam_swift_parse_parser_Repeat0.swift */; };
		1070B61E1E81CEAA0096B49D /* foam_swift_parse_parser_Seq.swift in Sources */ = {isa = PBXBuildFile; fileRef = 1070B5E81E81CEAA0096B49D /* foam_swift_parse_parser_Seq.swift */; };
		1070B61F1E81CEAA0096B49D /* foam_swift_parse_parser_Seq0.swift in Sources */ = {isa = PBXBuildFile; fileRef = 1070B5E91E81CEAA0096B49D /* foam_swift_parse_parser_Seq0.swift */; };
		1070B6201E81CEAA0096B49D /* foam_swift_parse_parser_Seq1.swift in Sources */ = {isa = PBXBuildFile; fileRef = 1070B5EA1E81CEAA0096B49D /* foam_swift_parse_parser_Seq1.swift */; };
		1070B6211E81CEAA0096B49D /* foam_swift_parse_parser_Seq2.swift in Sources */ = {isa = PBXBuildFile; fileRef = 1070B5EB1E81CEAA0096B49D /* foam_swift_parse_parser_Seq2.swift */; };
		1070B6221E81CEAA0096B49D /* foam_swift_parse_parser_Substring.swift in Sources */ = {isa = PBXBuildFile; fileRef = 1070B5EC1E81CEAA0096B49D /* foam_swift_parse_parser_Substring.swift */; };
		1070B6231E81CEAA0096B49D /* foam_swift_parse_PStream.swift in Sources */ = {isa = PBXBuildFile; fileRef = 1070B5ED1E81CEAA0096B49D /* foam_swift_parse_PStream.swift */; };
		1070B6241E81CEAA0096B49D /* foam_swift_parse_StringPStream.swift in Sources */ = {isa = PBXBuildFile; fileRef = 1070B5EE1E81CEAA0096B49D /* foam_swift_parse_StringPStream.swift */; };
		1070B6251E81CEAA0096B49D /* foam_swift_ui_DetailView.swift in Sources */ = {isa = PBXBuildFile; fileRef = 1070B5EF1E81CEAA0096B49D /* foam_swift_ui_DetailView.swift */; };
		1070B6261E81CEAA0096B49D /* foam_swift_ui_FOAMActionUIButton.swift in Sources */ = {isa = PBXBuildFile; fileRef = 1070B5F01E81CEAA0096B49D /* foam_swift_ui_FOAMActionUIButton.swift */; };
		1070B6271E81CEAA0096B49D /* foam_swift_ui_FOAMUILabel.swift in Sources */ = {isa = PBXBuildFile; fileRef = 1070B5F11E81CEAA0096B49D /* foam_swift_ui_FOAMUILabel.swift */; };
		1070B6281E81CEAA0096B49D /* foam_swift_ui_FOAMUITextField.swift in Sources */ = {isa = PBXBuildFile; fileRef = 1070B5F21E81CEAA0096B49D /* foam_swift_ui_FOAMUITextField.swift */; };
		1070B6291E81CEAA0096B49D /* somepackage_RequiredClass.swift in Sources */ = {isa = PBXBuildFile; fileRef = 1070B5F31E81CEAA0096B49D /* somepackage_RequiredClass.swift */; };
		1070B62A1E81CEAA0096B49D /* Test.swift in Sources */ = {isa = PBXBuildFile; fileRef = 1070B5F41E81CEAA0096B49D /* Test.swift */; };
		1070B62B1E81CEAA0096B49D /* TestExtended.swift in Sources */ = {isa = PBXBuildFile; fileRef = 1070B5F51E81CEAA0096B49D /* TestExtended.swift */; };
		1070B62D1E81CFC00096B49D /* foam_swift_dao_AbstractDAO.swift in Sources */ = {isa = PBXBuildFile; fileRef = 1070B62C1E81CFC00096B49D /* foam_swift_dao_AbstractDAO.swift */; };
/* End PBXBuildFile section */

/* Begin PBXContainerItemProxy section */
		1059841F1E5E859A0063941D /* PBXContainerItemProxy */ = {
			isa = PBXContainerItemProxy;
			containerPortal = 105984021E5E859A0063941D /* Project object */;
			proxyType = 1;
			remoteGlobalIDString = 105984091E5E859A0063941D;
			remoteInfo = SwiftTests;
		};
		1059842A1E5E859A0063941D /* PBXContainerItemProxy */ = {
			isa = PBXContainerItemProxy;
			containerPortal = 105984021E5E859A0063941D /* Project object */;
			proxyType = 1;
			remoteGlobalIDString = 105984091E5E859A0063941D;
			remoteInfo = SwiftTests;
		};
/* End PBXContainerItemProxy section */

/* Begin PBXFileReference section */
		1059840A1E5E859A0063941D /* SwiftTests.app */ = {isa = PBXFileReference; explicitFileType = wrapper.application; includeInIndex = 0; path = SwiftTests.app; sourceTree = BUILT_PRODUCTS_DIR; };
		1059840D1E5E859A0063941D /* AppDelegate.swift */ = {isa = PBXFileReference; lastKnownFileType = sourcecode.swift; path = AppDelegate.swift; sourceTree = "<group>"; };
		1059840F1E5E859A0063941D /* ViewController.swift */ = {isa = PBXFileReference; lastKnownFileType = sourcecode.swift; path = ViewController.swift; sourceTree = "<group>"; };
		105984121E5E859A0063941D /* Base */ = {isa = PBXFileReference; lastKnownFileType = file.storyboard; name = Base; path = Base.lproj/Main.storyboard; sourceTree = "<group>"; };
		105984141E5E859A0063941D /* Assets.xcassets */ = {isa = PBXFileReference; lastKnownFileType = folder.assetcatalog; path = Assets.xcassets; sourceTree = "<group>"; };
		105984171E5E859A0063941D /* Base */ = {isa = PBXFileReference; lastKnownFileType = file.storyboard; name = Base; path = Base.lproj/LaunchScreen.storyboard; sourceTree = "<group>"; };
		105984191E5E859A0063941D /* Info.plist */ = {isa = PBXFileReference; lastKnownFileType = text.plist.xml; path = Info.plist; sourceTree = "<group>"; };
		1059841E1E5E859A0063941D /* SwiftTestsTests.xctest */ = {isa = PBXFileReference; explicitFileType = wrapper.cfbundle; includeInIndex = 0; path = SwiftTestsTests.xctest; sourceTree = BUILT_PRODUCTS_DIR; };
		105984221E5E859A0063941D /* SwiftTestsTests.swift */ = {isa = PBXFileReference; lastKnownFileType = sourcecode.swift; path = SwiftTestsTests.swift; sourceTree = "<group>"; };
		105984241E5E859A0063941D /* Info.plist */ = {isa = PBXFileReference; lastKnownFileType = text.plist.xml; path = Info.plist; sourceTree = "<group>"; };
		105984291E5E859A0063941D /* SwiftTestsUITests.xctest */ = {isa = PBXFileReference; explicitFileType = wrapper.cfbundle; includeInIndex = 0; path = SwiftTestsUITests.xctest; sourceTree = BUILT_PRODUCTS_DIR; };
		1059842D1E5E859A0063941D /* SwiftTestsUITests.swift */ = {isa = PBXFileReference; lastKnownFileType = sourcecode.swift; path = SwiftTestsUITests.swift; sourceTree = "<group>"; };
		1059842F1E5E859A0063941D /* Info.plist */ = {isa = PBXFileReference; lastKnownFileType = text.plist.xml; path = Info.plist; sourceTree = "<group>"; };
		105984561E5F46750063941D /* FOAMSupport.swift */ = {isa = PBXFileReference; fileEncoding = 4; lastKnownFileType = sourcecode.swift; path = FOAMSupport.swift; sourceTree = "<group>"; };
		1070B5C01E81CEAA0096B49D /* foam_dao_DAO.swift */ = {isa = PBXFileReference; fileEncoding = 4; lastKnownFileType = sourcecode.swift; path = foam_dao_DAO.swift; sourceTree = "<group>"; };
		1070B5C11E81CEAA0096B49D /* foam_dao_FlowControl.swift */ = {isa = PBXFileReference; fileEncoding = 4; lastKnownFileType = sourcecode.swift; path = foam_dao_FlowControl.swift; sourceTree = "<group>"; };
		1070B5C21E81CEAA0096B49D /* foam_dao_Sink.swift */ = {isa = PBXFileReference; fileEncoding = 4; lastKnownFileType = sourcecode.swift; path = foam_dao_Sink.swift; sourceTree = "<group>"; };
		1070B5C31E81CEAA0096B49D /* foam_swift_core_ConstantSlot.swift */ = {isa = PBXFileReference; fileEncoding = 4; lastKnownFileType = sourcecode.swift; path = foam_swift_core_ConstantSlot.swift; sourceTree = "<group>"; };
		1070B5C41E81CEAA0096B49D /* foam_swift_core_PropertySlot.swift */ = {isa = PBXFileReference; fileEncoding = 4; lastKnownFileType = sourcecode.swift; path = foam_swift_core_PropertySlot.swift; sourceTree = "<group>"; };
		1070B5C51E81CEAA0096B49D /* foam_swift_core_Slot.swift */ = {isa = PBXFileReference; fileEncoding = 4; lastKnownFileType = sourcecode.swift; path = foam_swift_core_Slot.swift; sourceTree = "<group>"; };
		1070B5C61E81CEAA0096B49D /* foam_swift_dao_ArrayDAO.swift */ = {isa = PBXFileReference; fileEncoding = 4; lastKnownFileType = sourcecode.swift; path = foam_swift_dao_ArrayDAO.swift; sourceTree = "<group>"; };
		1070B5C71E81CEAA0096B49D /* foam_swift_dao_ArraySink.swift */ = {isa = PBXFileReference; fileEncoding = 4; lastKnownFileType = sourcecode.swift; path = foam_swift_dao_ArraySink.swift; sourceTree = "<group>"; };
		1070B5C81E81CEAA0096B49D /* foam_swift_parse_json_AnyKeyParser.swift */ = {isa = PBXFileReference; fileEncoding = 4; lastKnownFileType = sourcecode.swift; path = foam_swift_parse_json_AnyKeyParser.swift; sourceTree = "<group>"; };
		1070B5C91E81CEAA0096B49D /* foam_swift_parse_json_AnyParser.swift */ = {isa = PBXFileReference; fileEncoding = 4; lastKnownFileType = sourcecode.swift; path = foam_swift_parse_json_AnyParser.swift; sourceTree = "<group>"; };
		1070B5CA1E81CEAA0096B49D /* foam_swift_parse_json_ArrayParser.swift */ = {isa = PBXFileReference; fileEncoding = 4; lastKnownFileType = sourcecode.swift; path = foam_swift_parse_json_ArrayParser.swift; sourceTree = "<group>"; };
		1070B5CB1E81CEAA0096B49D /* foam_swift_parse_json_BooleanParser.swift */ = {isa = PBXFileReference; fileEncoding = 4; lastKnownFileType = sourcecode.swift; path = foam_swift_parse_json_BooleanParser.swift; sourceTree = "<group>"; };
		1070B5CC1E81CEAA0096B49D /* foam_swift_parse_json_DateParser.swift */ = {isa = PBXFileReference; fileEncoding = 4; lastKnownFileType = sourcecode.swift; path = foam_swift_parse_json_DateParser.swift; sourceTree = "<group>"; };
		1070B5CD1E81CEAA0096B49D /* foam_swift_parse_json_ExprParser.swift */ = {isa = PBXFileReference; fileEncoding = 4; lastKnownFileType = sourcecode.swift; path = foam_swift_parse_json_ExprParser.swift; sourceTree = "<group>"; };
		1070B5CE1E81CEAA0096B49D /* foam_swift_parse_json_FloatParser.swift */ = {isa = PBXFileReference; fileEncoding = 4; lastKnownFileType = sourcecode.swift; path = foam_swift_parse_json_FloatParser.swift; sourceTree = "<group>"; };
		1070B5CF1E81CEAA0096B49D /* foam_swift_parse_json_FObjectArrayParser.swift */ = {isa = PBXFileReference; fileEncoding = 4; lastKnownFileType = sourcecode.swift; path = foam_swift_parse_json_FObjectArrayParser.swift; sourceTree = "<group>"; };
		1070B5D01E81CEAA0096B49D /* foam_swift_parse_json_FObjectParser_.swift */ = {isa = PBXFileReference; fileEncoding = 4; lastKnownFileType = sourcecode.swift; path = foam_swift_parse_json_FObjectParser_.swift; sourceTree = "<group>"; };
		1070B5D11E81CEAA0096B49D /* foam_swift_parse_json_FObjectParser.swift */ = {isa = PBXFileReference; fileEncoding = 4; lastKnownFileType = sourcecode.swift; path = foam_swift_parse_json_FObjectParser.swift; sourceTree = "<group>"; };
		1070B5D21E81CEAA0096B49D /* foam_swift_parse_json_IntParser.swift */ = {isa = PBXFileReference; fileEncoding = 4; lastKnownFileType = sourcecode.swift; path = foam_swift_parse_json_IntParser.swift; sourceTree = "<group>"; };
		1070B5D31E81CEAA0096B49D /* foam_swift_parse_json_KeyParser.swift */ = {isa = PBXFileReference; fileEncoding = 4; lastKnownFileType = sourcecode.swift; path = foam_swift_parse_json_KeyParser.swift; sourceTree = "<group>"; };
		1070B5D41E81CEAA0096B49D /* foam_swift_parse_json_LongParser.swift */ = {isa = PBXFileReference; fileEncoding = 4; lastKnownFileType = sourcecode.swift; path = foam_swift_parse_json_LongParser.swift; sourceTree = "<group>"; };
		1070B5D51E81CEAA0096B49D /* foam_swift_parse_json_MapParser.swift */ = {isa = PBXFileReference; fileEncoding = 4; lastKnownFileType = sourcecode.swift; path = foam_swift_parse_json_MapParser.swift; sourceTree = "<group>"; };
		1070B5D61E81CEAA0096B49D /* foam_swift_parse_json_NullParser.swift */ = {isa = PBXFileReference; fileEncoding = 4; lastKnownFileType = sourcecode.swift; path = foam_swift_parse_json_NullParser.swift; sourceTree = "<group>"; };
		1070B5D71E81CEAA0096B49D /* foam_swift_parse_json_output_Outputter.swift */ = {isa = PBXFileReference; fileEncoding = 4; lastKnownFileType = sourcecode.swift; path = foam_swift_parse_json_output_Outputter.swift; sourceTree = "<group>"; };
		1070B5D81E81CEAA0096B49D /* foam_swift_parse_json_PropertyParser.swift */ = {isa = PBXFileReference; fileEncoding = 4; lastKnownFileType = sourcecode.swift; path = foam_swift_parse_json_PropertyParser.swift; sourceTree = "<group>"; };
		1070B5D91E81CEAA0096B49D /* foam_swift_parse_json_StringParser.swift */ = {isa = PBXFileReference; fileEncoding = 4; lastKnownFileType = sourcecode.swift; path = foam_swift_parse_json_StringParser.swift; sourceTree = "<group>"; };
		1070B5DA1E81CEAA0096B49D /* foam_swift_parse_json_Whitespace.swift */ = {isa = PBXFileReference; fileEncoding = 4; lastKnownFileType = sourcecode.swift; path = foam_swift_parse_json_Whitespace.swift; sourceTree = "<group>"; };
		1070B5DB1E81CEAA0096B49D /* foam_swift_parse_parser_Alt.swift */ = {isa = PBXFileReference; fileEncoding = 4; lastKnownFileType = sourcecode.swift; path = foam_swift_parse_parser_Alt.swift; sourceTree = "<group>"; };
		1070B5DC1E81CEAA0096B49D /* foam_swift_parse_parser_AnyChar.swift */ = {isa = PBXFileReference; fileEncoding = 4; lastKnownFileType = sourcecode.swift; path = foam_swift_parse_parser_AnyChar.swift; sourceTree = "<group>"; };
		1070B5DD1E81CEAA0096B49D /* foam_swift_parse_parser_Chars.swift */ = {isa = PBXFileReference; fileEncoding = 4; lastKnownFileType = sourcecode.swift; path = foam_swift_parse_parser_Chars.swift; sourceTree = "<group>"; };
		1070B5DE1E81CEAA0096B49D /* foam_swift_parse_parser_Fail.swift */ = {isa = PBXFileReference; fileEncoding = 4; lastKnownFileType = sourcecode.swift; path = foam_swift_parse_parser_Fail.swift; sourceTree = "<group>"; };
		1070B5DF1E81CEAA0096B49D /* foam_swift_parse_parser_Literal.swift */ = {isa = PBXFileReference; fileEncoding = 4; lastKnownFileType = sourcecode.swift; path = foam_swift_parse_parser_Literal.swift; sourceTree = "<group>"; };
		1070B5E01E81CEAA0096B49D /* foam_swift_parse_parser_Not.swift */ = {isa = PBXFileReference; fileEncoding = 4; lastKnownFileType = sourcecode.swift; path = foam_swift_parse_parser_Not.swift; sourceTree = "<group>"; };
		1070B5E11E81CEAA0096B49D /* foam_swift_parse_parser_NotChar.swift */ = {isa = PBXFileReference; fileEncoding = 4; lastKnownFileType = sourcecode.swift; path = foam_swift_parse_parser_NotChar.swift; sourceTree = "<group>"; };
		1070B5E21E81CEAA0096B49D /* foam_swift_parse_parser_NotChars.swift */ = {isa = PBXFileReference; fileEncoding = 4; lastKnownFileType = sourcecode.swift; path = foam_swift_parse_parser_NotChars.swift; sourceTree = "<group>"; };
		1070B5E31E81CEAA0096B49D /* foam_swift_parse_parser_Optional.swift */ = {isa = PBXFileReference; fileEncoding = 4; lastKnownFileType = sourcecode.swift; path = foam_swift_parse_parser_Optional.swift; sourceTree = "<group>"; };
		1070B5E41E81CEAA0096B49D /* foam_swift_parse_parser_Parser.swift */ = {isa = PBXFileReference; fileEncoding = 4; lastKnownFileType = sourcecode.swift; path = foam_swift_parse_parser_Parser.swift; sourceTree = "<group>"; };
		1070B5E51E81CEAA0096B49D /* foam_swift_parse_parser_ProxyParser.swift */ = {isa = PBXFileReference; fileEncoding = 4; lastKnownFileType = sourcecode.swift; path = foam_swift_parse_parser_ProxyParser.swift; sourceTree = "<group>"; };
		1070B5E61E81CEAA0096B49D /* foam_swift_parse_parser_Repeat.swift */ = {isa = PBXFileReference; fileEncoding = 4; lastKnownFileType = sourcecode.swift; path = foam_swift_parse_parser_Repeat.swift; sourceTree = "<group>"; };
		1070B5E71E81CEAA0096B49D /* foam_swift_parse_parser_Repeat0.swift */ = {isa = PBXFileReference; fileEncoding = 4; lastKnownFileType = sourcecode.swift; path = foam_swift_parse_parser_Repeat0.swift; sourceTree = "<group>"; };
		1070B5E81E81CEAA0096B49D /* foam_swift_parse_parser_Seq.swift */ = {isa = PBXFileReference; fileEncoding = 4; lastKnownFileType = sourcecode.swift; path = foam_swift_parse_parser_Seq.swift; sourceTree = "<group>"; };
		1070B5E91E81CEAA0096B49D /* foam_swift_parse_parser_Seq0.swift */ = {isa = PBXFileReference; fileEncoding = 4; lastKnownFileType = sourcecode.swift; path = foam_swift_parse_parser_Seq0.swift; sourceTree = "<group>"; };
		1070B5EA1E81CEAA0096B49D /* foam_swift_parse_parser_Seq1.swift */ = {isa = PBXFileReference; fileEncoding = 4; lastKnownFileType = sourcecode.swift; path = foam_swift_parse_parser_Seq1.swift; sourceTree = "<group>"; };
		1070B5EB1E81CEAA0096B49D /* foam_swift_parse_parser_Seq2.swift */ = {isa = PBXFileReference; fileEncoding = 4; lastKnownFileType = sourcecode.swift; path = foam_swift_parse_parser_Seq2.swift; sourceTree = "<group>"; };
		1070B5EC1E81CEAA0096B49D /* foam_swift_parse_parser_Substring.swift */ = {isa = PBXFileReference; fileEncoding = 4; lastKnownFileType = sourcecode.swift; path = foam_swift_parse_parser_Substring.swift; sourceTree = "<group>"; };
		1070B5ED1E81CEAA0096B49D /* foam_swift_parse_PStream.swift */ = {isa = PBXFileReference; fileEncoding = 4; lastKnownFileType = sourcecode.swift; path = foam_swift_parse_PStream.swift; sourceTree = "<group>"; };
		1070B5EE1E81CEAA0096B49D /* foam_swift_parse_StringPStream.swift */ = {isa = PBXFileReference; fileEncoding = 4; lastKnownFileType = sourcecode.swift; path = foam_swift_parse_StringPStream.swift; sourceTree = "<group>"; };
		1070B5EF1E81CEAA0096B49D /* foam_swift_ui_DetailView.swift */ = {isa = PBXFileReference; fileEncoding = 4; lastKnownFileType = sourcecode.swift; path = foam_swift_ui_DetailView.swift; sourceTree = "<group>"; };
		1070B5F01E81CEAA0096B49D /* foam_swift_ui_FOAMActionUIButton.swift */ = {isa = PBXFileReference; fileEncoding = 4; lastKnownFileType = sourcecode.swift; path = foam_swift_ui_FOAMActionUIButton.swift; sourceTree = "<group>"; };
		1070B5F11E81CEAA0096B49D /* foam_swift_ui_FOAMUILabel.swift */ = {isa = PBXFileReference; fileEncoding = 4; lastKnownFileType = sourcecode.swift; path = foam_swift_ui_FOAMUILabel.swift; sourceTree = "<group>"; };
		1070B5F21E81CEAA0096B49D /* foam_swift_ui_FOAMUITextField.swift */ = {isa = PBXFileReference; fileEncoding = 4; lastKnownFileType = sourcecode.swift; path = foam_swift_ui_FOAMUITextField.swift; sourceTree = "<group>"; };
		1070B5F31E81CEAA0096B49D /* somepackage_RequiredClass.swift */ = {isa = PBXFileReference; fileEncoding = 4; lastKnownFileType = sourcecode.swift; path = somepackage_RequiredClass.swift; sourceTree = "<group>"; };
		1070B5F41E81CEAA0096B49D /* Test.swift */ = {isa = PBXFileReference; fileEncoding = 4; lastKnownFileType = sourcecode.swift; path = Test.swift; sourceTree = "<group>"; };
		1070B5F51E81CEAA0096B49D /* TestExtended.swift */ = {isa = PBXFileReference; fileEncoding = 4; lastKnownFileType = sourcecode.swift; path = TestExtended.swift; sourceTree = "<group>"; };
		1070B62C1E81CFC00096B49D /* foam_swift_dao_AbstractDAO.swift */ = {isa = PBXFileReference; fileEncoding = 4; lastKnownFileType = sourcecode.swift; path = foam_swift_dao_AbstractDAO.swift; sourceTree = "<group>"; };
/* End PBXFileReference section */

/* Begin PBXFrameworksBuildPhase section */
		105984071E5E859A0063941D /* Frameworks */ = {
			isa = PBXFrameworksBuildPhase;
			buildActionMask = 2147483647;
			files = (
			);
			runOnlyForDeploymentPostprocessing = 0;
		};
		1059841B1E5E859A0063941D /* Frameworks */ = {
			isa = PBXFrameworksBuildPhase;
			buildActionMask = 2147483647;
			files = (
			);
			runOnlyForDeploymentPostprocessing = 0;
		};
		105984261E5E859A0063941D /* Frameworks */ = {
			isa = PBXFrameworksBuildPhase;
			buildActionMask = 2147483647;
			files = (
			);
			runOnlyForDeploymentPostprocessing = 0;
		};
/* End PBXFrameworksBuildPhase section */

/* Begin PBXGroup section */
		105984011E5E859A0063941D = {
			isa = PBXGroup;
			children = (
				1059840C1E5E859A0063941D /* SwiftTests */,
				105984211E5E859A0063941D /* SwiftTestsTests */,
				1059842C1E5E859A0063941D /* SwiftTestsUITests */,
				1059840B1E5E859A0063941D /* Products */,
			);
			sourceTree = "<group>";
		};
		1059840B1E5E859A0063941D /* Products */ = {
			isa = PBXGroup;
			children = (
				1059840A1E5E859A0063941D /* SwiftTests.app */,
				1059841E1E5E859A0063941D /* SwiftTestsTests.xctest */,
				105984291E5E859A0063941D /* SwiftTestsUITests.xctest */,
			);
			name = Products;
			sourceTree = "<group>";
		};
		1059840C1E5E859A0063941D /* SwiftTests */ = {
			isa = PBXGroup;
			children = (
				105984191E5E859A0063941D /* Info.plist */,
				1059840D1E5E859A0063941D /* AppDelegate.swift */,
				1059840F1E5E859A0063941D /* ViewController.swift */,
				105984141E5E859A0063941D /* Assets.xcassets */,
				1059844E1E5F466A0063941D /* gen */,
				105984161E5E859A0063941D /* LaunchScreen.storyboard */,
				105984111E5E859A0063941D /* Main.storyboard */,
				105984551E5F46750063941D /* swift_src */,
			);
			path = SwiftTests;
			sourceTree = "<group>";
		};
		105984211E5E859A0063941D /* SwiftTestsTests */ = {
			isa = PBXGroup;
			children = (
				105984221E5E859A0063941D /* SwiftTestsTests.swift */,
				105984241E5E859A0063941D /* Info.plist */,
			);
			path = SwiftTestsTests;
			sourceTree = "<group>";
		};
		1059842C1E5E859A0063941D /* SwiftTestsUITests */ = {
			isa = PBXGroup;
			children = (
				1059842D1E5E859A0063941D /* SwiftTestsUITests.swift */,
				1059842F1E5E859A0063941D /* Info.plist */,
			);
			path = SwiftTestsUITests;
			sourceTree = "<group>";
		};
		1059844E1E5F466A0063941D /* gen */ = {
			isa = PBXGroup;
			children = (
				1070B5C01E81CEAA0096B49D /* foam_dao_DAO.swift */,
				1070B5C11E81CEAA0096B49D /* foam_dao_FlowControl.swift */,
				1070B5C21E81CEAA0096B49D /* foam_dao_Sink.swift */,
				1070B5C31E81CEAA0096B49D /* foam_swift_core_ConstantSlot.swift */,
				1070B5C41E81CEAA0096B49D /* foam_swift_core_PropertySlot.swift */,
				1070B62C1E81CFC00096B49D /* foam_swift_dao_AbstractDAO.swift */,
				1070B5C51E81CEAA0096B49D /* foam_swift_core_Slot.swift */,
				1070B5C61E81CEAA0096B49D /* foam_swift_dao_ArrayDAO.swift */,
				1070B5C71E81CEAA0096B49D /* foam_swift_dao_ArraySink.swift */,
				1070B5C81E81CEAA0096B49D /* foam_swift_parse_json_AnyKeyParser.swift */,
				1070B5C91E81CEAA0096B49D /* foam_swift_parse_json_AnyParser.swift */,
				1070B5CA1E81CEAA0096B49D /* foam_swift_parse_json_ArrayParser.swift */,
				1070B5CB1E81CEAA0096B49D /* foam_swift_parse_json_BooleanParser.swift */,
				1070B5CC1E81CEAA0096B49D /* foam_swift_parse_json_DateParser.swift */,
				1070B5CD1E81CEAA0096B49D /* foam_swift_parse_json_ExprParser.swift */,
				1070B5CE1E81CEAA0096B49D /* foam_swift_parse_json_FloatParser.swift */,
				1070B5CF1E81CEAA0096B49D /* foam_swift_parse_json_FObjectArrayParser.swift */,
				1070B5D01E81CEAA0096B49D /* foam_swift_parse_json_FObjectParser_.swift */,
				1070B5D11E81CEAA0096B49D /* foam_swift_parse_json_FObjectParser.swift */,
				1070B5D21E81CEAA0096B49D /* foam_swift_parse_json_IntParser.swift */,
				1070B5D31E81CEAA0096B49D /* foam_swift_parse_json_KeyParser.swift */,
				1070B5D41E81CEAA0096B49D /* foam_swift_parse_json_LongParser.swift */,
				1070B5D51E81CEAA0096B49D /* foam_swift_parse_json_MapParser.swift */,
				1070B5D61E81CEAA0096B49D /* foam_swift_parse_json_NullParser.swift */,
				1070B5D71E81CEAA0096B49D /* foam_swift_parse_json_output_Outputter.swift */,
				1070B5D81E81CEAA0096B49D /* foam_swift_parse_json_PropertyParser.swift */,
				1070B5D91E81CEAA0096B49D /* foam_swift_parse_json_StringParser.swift */,
				1070B5DA1E81CEAA0096B49D /* foam_swift_parse_json_Whitespace.swift */,
				1070B5DB1E81CEAA0096B49D /* foam_swift_parse_parser_Alt.swift */,
				1070B5DC1E81CEAA0096B49D /* foam_swift_parse_parser_AnyChar.swift */,
				1070B5DD1E81CEAA0096B49D /* foam_swift_parse_parser_Chars.swift */,
				1070B5DE1E81CEAA0096B49D /* foam_swift_parse_parser_Fail.swift */,
				1070B5DF1E81CEAA0096B49D /* foam_swift_parse_parser_Literal.swift */,
				1070B5E01E81CEAA0096B49D /* foam_swift_parse_parser_Not.swift */,
				1070B5E11E81CEAA0096B49D /* foam_swift_parse_parser_NotChar.swift */,
				1070B5E21E81CEAA0096B49D /* foam_swift_parse_parser_NotChars.swift */,
				1070B5E31E81CEAA0096B49D /* foam_swift_parse_parser_Optional.swift */,
				1070B5E41E81CEAA0096B49D /* foam_swift_parse_parser_Parser.swift */,
				1070B5E51E81CEAA0096B49D /* foam_swift_parse_parser_ProxyParser.swift */,
				1070B5E61E81CEAA0096B49D /* foam_swift_parse_parser_Repeat.swift */,
				1070B5E71E81CEAA0096B49D /* foam_swift_parse_parser_Repeat0.swift */,
				1070B5E81E81CEAA0096B49D /* foam_swift_parse_parser_Seq.swift */,
				1070B5E91E81CEAA0096B49D /* foam_swift_parse_parser_Seq0.swift */,
				1070B5EA1E81CEAA0096B49D /* foam_swift_parse_parser_Seq1.swift */,
				1070B5EB1E81CEAA0096B49D /* foam_swift_parse_parser_Seq2.swift */,
				1070B5EC1E81CEAA0096B49D /* foam_swift_parse_parser_Substring.swift */,
				1070B5ED1E81CEAA0096B49D /* foam_swift_parse_PStream.swift */,
				1070B5EE1E81CEAA0096B49D /* foam_swift_parse_StringPStream.swift */,
				1070B5EF1E81CEAA0096B49D /* foam_swift_ui_DetailView.swift */,
				1070B5F01E81CEAA0096B49D /* foam_swift_ui_FOAMActionUIButton.swift */,
				1070B5F11E81CEAA0096B49D /* foam_swift_ui_FOAMUILabel.swift */,
				1070B5F21E81CEAA0096B49D /* foam_swift_ui_FOAMUITextField.swift */,
				1070B5F31E81CEAA0096B49D /* somepackage_RequiredClass.swift */,
				1070B5F41E81CEAA0096B49D /* Test.swift */,
				1070B5F51E81CEAA0096B49D /* TestExtended.swift */,
			);
			name = gen;
			path = ../../gen;
			sourceTree = "<group>";
		};
		105984551E5F46750063941D /* swift_src */ = {
			isa = PBXGroup;
			children = (
				105984561E5F46750063941D /* FOAMSupport.swift */,
			);
			name = swift_src;
			path = ../../../../swift_src;
			sourceTree = "<group>";
		};
/* End PBXGroup section */

/* Begin PBXNativeTarget section */
		105984091E5E859A0063941D /* SwiftTests */ = {
			isa = PBXNativeTarget;
			buildConfigurationList = 105984321E5E859A0063941D /* Build configuration list for PBXNativeTarget "SwiftTests" */;
			buildPhases = (
				105984061E5E859A0063941D /* Sources */,
				105984071E5E859A0063941D /* Frameworks */,
				105984081E5E859A0063941D /* Resources */,
			);
			buildRules = (
			);
			dependencies = (
			);
			name = SwiftTests;
			productName = SwiftTests;
			productReference = 1059840A1E5E859A0063941D /* SwiftTests.app */;
			productType = "com.apple.product-type.application";
		};
		1059841D1E5E859A0063941D /* SwiftTestsTests */ = {
			isa = PBXNativeTarget;
			buildConfigurationList = 105984351E5E859A0063941D /* Build configuration list for PBXNativeTarget "SwiftTestsTests" */;
			buildPhases = (
				1059841A1E5E859A0063941D /* Sources */,
				1059841B1E5E859A0063941D /* Frameworks */,
				1059841C1E5E859A0063941D /* Resources */,
			);
			buildRules = (
			);
			dependencies = (
				105984201E5E859A0063941D /* PBXTargetDependency */,
			);
			name = SwiftTestsTests;
			productName = SwiftTestsTests;
			productReference = 1059841E1E5E859A0063941D /* SwiftTestsTests.xctest */;
			productType = "com.apple.product-type.bundle.unit-test";
		};
		105984281E5E859A0063941D /* SwiftTestsUITests */ = {
			isa = PBXNativeTarget;
			buildConfigurationList = 105984381E5E859A0063941D /* Build configuration list for PBXNativeTarget "SwiftTestsUITests" */;
			buildPhases = (
				105984251E5E859A0063941D /* Sources */,
				105984261E5E859A0063941D /* Frameworks */,
				105984271E5E859A0063941D /* Resources */,
			);
			buildRules = (
			);
			dependencies = (
				1059842B1E5E859A0063941D /* PBXTargetDependency */,
			);
			name = SwiftTestsUITests;
			productName = SwiftTestsUITests;
			productReference = 105984291E5E859A0063941D /* SwiftTestsUITests.xctest */;
			productType = "com.apple.product-type.bundle.ui-testing";
		};
/* End PBXNativeTarget section */

/* Begin PBXProject section */
		105984021E5E859A0063941D /* Project object */ = {
			isa = PBXProject;
			attributes = {
				LastSwiftUpdateCheck = 0820;
				LastUpgradeCheck = 0820;
				ORGANIZATIONNAME = FOAM;
				TargetAttributes = {
					105984091E5E859A0063941D = {
						CreatedOnToolsVersion = 8.2.1;
						ProvisioningStyle = Automatic;
					};
					1059841D1E5E859A0063941D = {
						CreatedOnToolsVersion = 8.2.1;
						ProvisioningStyle = Automatic;
						TestTargetID = 105984091E5E859A0063941D;
					};
					105984281E5E859A0063941D = {
						CreatedOnToolsVersion = 8.2.1;
						ProvisioningStyle = Automatic;
						TestTargetID = 105984091E5E859A0063941D;
					};
				};
			};
			buildConfigurationList = 105984051E5E859A0063941D /* Build configuration list for PBXProject "SwiftTests" */;
			compatibilityVersion = "Xcode 3.2";
			developmentRegion = English;
			hasScannedForEncodings = 0;
			knownRegions = (
				en,
				Base,
			);
			mainGroup = 105984011E5E859A0063941D;
			productRefGroup = 1059840B1E5E859A0063941D /* Products */;
			projectDirPath = "";
			projectRoot = "";
			targets = (
				105984091E5E859A0063941D /* SwiftTests */,
				1059841D1E5E859A0063941D /* SwiftTestsTests */,
				105984281E5E859A0063941D /* SwiftTestsUITests */,
			);
		};
/* End PBXProject section */

/* Begin PBXResourcesBuildPhase section */
		105984081E5E859A0063941D /* Resources */ = {
			isa = PBXResourcesBuildPhase;
			buildActionMask = 2147483647;
			files = (
				105984181E5E859A0063941D /* LaunchScreen.storyboard in Resources */,
				105984151E5E859A0063941D /* Assets.xcassets in Resources */,
				105984131E5E859A0063941D /* Main.storyboard in Resources */,
			);
			runOnlyForDeploymentPostprocessing = 0;
		};
		1059841C1E5E859A0063941D /* Resources */ = {
			isa = PBXResourcesBuildPhase;
			buildActionMask = 2147483647;
			files = (
			);
			runOnlyForDeploymentPostprocessing = 0;
		};
		105984271E5E859A0063941D /* Resources */ = {
			isa = PBXResourcesBuildPhase;
			buildActionMask = 2147483647;
			files = (
			);
			runOnlyForDeploymentPostprocessing = 0;
		};
/* End PBXResourcesBuildPhase section */

/* Begin PBXSourcesBuildPhase section */
		105984061E5E859A0063941D /* Sources */ = {
			isa = PBXSourcesBuildPhase;
			buildActionMask = 2147483647;
			files = (
				1070B61C1E81CEAA0096B49D /* foam_swift_parse_parser_Repeat.swift in Sources */,
				1070B6131E81CEAA0096B49D /* foam_swift_parse_parser_Chars.swift in Sources */,
				1070B6141E81CEAA0096B49D /* foam_swift_parse_parser_Fail.swift in Sources */,
				1070B60C1E81CEAA0096B49D /* foam_swift_parse_json_NullParser.swift in Sources */,
				1070B6071E81CEAA0096B49D /* foam_swift_parse_json_FObjectParser.swift in Sources */,
				1070B5FD1E81CEAA0096B49D /* foam_swift_dao_ArraySink.swift in Sources */,
				1070B5FC1E81CEAA0096B49D /* foam_swift_dao_ArrayDAO.swift in Sources */,
				1070B6151E81CEAA0096B49D /* foam_swift_parse_parser_Literal.swift in Sources */,
				1070B5FE1E81CEAA0096B49D /* foam_swift_parse_json_AnyKeyParser.swift in Sources */,
				1070B5FF1E81CEAA0096B49D /* foam_swift_parse_json_AnyParser.swift in Sources */,
				1070B5F91E81CEAA0096B49D /* foam_swift_core_ConstantSlot.swift in Sources */,
				1070B6171E81CEAA0096B49D /* foam_swift_parse_parser_NotChar.swift in Sources */,
				1070B6241E81CEAA0096B49D /* foam_swift_parse_StringPStream.swift in Sources */,
				1070B60D1E81CEAA0096B49D /* foam_swift_parse_json_output_Outputter.swift in Sources */,
				105984571E5F46750063941D /* FOAMSupport.swift in Sources */,
				1070B5FA1E81CEAA0096B49D /* foam_swift_core_PropertySlot.swift in Sources */,
				1070B61B1E81CEAA0096B49D /* foam_swift_parse_parser_ProxyParser.swift in Sources */,
				1070B6231E81CEAA0096B49D /* foam_swift_parse_PStream.swift in Sources */,
				105984101E5E859A0063941D /* ViewController.swift in Sources */,
				1070B5F61E81CEAA0096B49D /* foam_dao_DAO.swift in Sources */,
				1070B61A1E81CEAA0096B49D /* foam_swift_parse_parser_Parser.swift in Sources */,
				1070B6201E81CEAA0096B49D /* foam_swift_parse_parser_Seq1.swift in Sources */,
				1070B62D1E81CFC00096B49D /* foam_swift_dao_AbstractDAO.swift in Sources */,
				1070B60E1E81CEAA0096B49D /* foam_swift_parse_json_PropertyParser.swift in Sources */,
				1070B5F71E81CEAA0096B49D /* foam_dao_FlowControl.swift in Sources */,
				1070B6081E81CEAA0096B49D /* foam_swift_parse_json_IntParser.swift in Sources */,
				1070B6221E81CEAA0096B49D /* foam_swift_parse_parser_Substring.swift in Sources */,
				1070B6101E81CEAA0096B49D /* foam_swift_parse_json_Whitespace.swift in Sources */,
				1070B6291E81CEAA0096B49D /* somepackage_RequiredClass.swift in Sources */,
				1070B6261E81CEAA0096B49D /* foam_swift_ui_FOAMActionUIButton.swift in Sources */,
				1070B6011E81CEAA0096B49D /* foam_swift_parse_json_BooleanParser.swift in Sources */,
				1070B6051E81CEAA0096B49D /* foam_swift_parse_json_FObjectArrayParser.swift in Sources */,
				1070B5F81E81CEAA0096B49D /* foam_dao_Sink.swift in Sources */,
				1070B6191E81CEAA0096B49D /* foam_swift_parse_parser_Optional.swift in Sources */,
				1070B6271E81CEAA0096B49D /* foam_swift_ui_FOAMUILabel.swift in Sources */,
				1070B6031E81CEAA0096B49D /* foam_swift_parse_json_ExprParser.swift in Sources */,
				1070B6111E81CEAA0096B49D /* foam_swift_parse_parser_Alt.swift in Sources */,
				1070B6181E81CEAA0096B49D /* foam_swift_parse_parser_NotChars.swift in Sources */,
				1070B6091E81CEAA0096B49D /* foam_swift_parse_json_KeyParser.swift in Sources */,
				1070B60B1E81CEAA0096B49D /* foam_swift_parse_json_MapParser.swift in Sources */,
				1070B60F1E81CEAA0096B49D /* foam_swift_parse_json_StringParser.swift in Sources */,
				1070B6161E81CEAA0096B49D /* foam_swift_parse_parser_Not.swift in Sources */,
				1059840E1E5E859A0063941D /* AppDelegate.swift in Sources */,
				1070B61E1E81CEAA0096B49D /* foam_swift_parse_parser_Seq.swift in Sources */,
				1070B6251E81CEAA0096B49D /* foam_swift_ui_DetailView.swift in Sources */,
				1070B6061E81CEAA0096B49D /* foam_swift_parse_json_FObjectParser_.swift in Sources */,
				1070B62A1E81CEAA0096B49D /* Test.swift in Sources */,
				1070B62B1E81CEAA0096B49D /* TestExtended.swift in Sources */,
				1070B61F1E81CEAA0096B49D /* foam_swift_parse_parser_Seq0.swift in Sources */,
				1070B6211E81CEAA0096B49D /* foam_swift_parse_parser_Seq2.swift in Sources */,
				1070B6121E81CEAA0096B49D /* foam_swift_parse_parser_AnyChar.swift in Sources */,
				1070B6041E81CEAA0096B49D /* foam_swift_parse_json_FloatParser.swift in Sources */,
				1070B6021E81CEAA0096B49D /* foam_swift_parse_json_DateParser.swift in Sources */,
				1070B6281E81CEAA0096B49D /* foam_swift_ui_FOAMUITextField.swift in Sources */,
				1070B5FB1E81CEAA0096B49D /* foam_swift_core_Slot.swift in Sources */,
				1070B6001E81CEAA0096B49D /* foam_swift_parse_json_ArrayParser.swift in Sources */,
				1070B61D1E81CEAA0096B49D /* foam_swift_parse_parser_Repeat0.swift in Sources */,
				1070B60A1E81CEAA0096B49D /* foam_swift_parse_json_LongParser.swift in Sources */,
			);
			runOnlyForDeploymentPostprocessing = 0;
		};
		1059841A1E5E859A0063941D /* Sources */ = {
			isa = PBXSourcesBuildPhase;
			buildActionMask = 2147483647;
			files = (
				105984231E5E859A0063941D /* SwiftTestsTests.swift in Sources */,
			);
			runOnlyForDeploymentPostprocessing = 0;
		};
		105984251E5E859A0063941D /* Sources */ = {
			isa = PBXSourcesBuildPhase;
			buildActionMask = 2147483647;
			files = (
				1059842E1E5E859A0063941D /* SwiftTestsUITests.swift in Sources */,
			);
			runOnlyForDeploymentPostprocessing = 0;
		};
/* End PBXSourcesBuildPhase section */

/* Begin PBXTargetDependency section */
		105984201E5E859A0063941D /* PBXTargetDependency */ = {
			isa = PBXTargetDependency;
			target = 105984091E5E859A0063941D /* SwiftTests */;
			targetProxy = 1059841F1E5E859A0063941D /* PBXContainerItemProxy */;
		};
		1059842B1E5E859A0063941D /* PBXTargetDependency */ = {
			isa = PBXTargetDependency;
			target = 105984091E5E859A0063941D /* SwiftTests */;
			targetProxy = 1059842A1E5E859A0063941D /* PBXContainerItemProxy */;
		};
/* End PBXTargetDependency section */

/* Begin PBXVariantGroup section */
		105984111E5E859A0063941D /* Main.storyboard */ = {
			isa = PBXVariantGroup;
			children = (
				105984121E5E859A0063941D /* Base */,
			);
			name = Main.storyboard;
			sourceTree = "<group>";
		};
		105984161E5E859A0063941D /* LaunchScreen.storyboard */ = {
			isa = PBXVariantGroup;
			children = (
				105984171E5E859A0063941D /* Base */,
			);
			name = LaunchScreen.storyboard;
			sourceTree = "<group>";
		};
/* End PBXVariantGroup section */

/* Begin XCBuildConfiguration section */
		105984301E5E859A0063941D /* Debug */ = {
			isa = XCBuildConfiguration;
			buildSettings = {
				ALWAYS_SEARCH_USER_PATHS = NO;
				CLANG_ANALYZER_NONNULL = YES;
				CLANG_CXX_LANGUAGE_STANDARD = "gnu++0x";
				CLANG_CXX_LIBRARY = "libc++";
				CLANG_ENABLE_MODULES = YES;
				CLANG_ENABLE_OBJC_ARC = YES;
				CLANG_WARN_BOOL_CONVERSION = YES;
				CLANG_WARN_CONSTANT_CONVERSION = YES;
				CLANG_WARN_DIRECT_OBJC_ISA_USAGE = YES_ERROR;
				CLANG_WARN_DOCUMENTATION_COMMENTS = YES;
				CLANG_WARN_EMPTY_BODY = YES;
				CLANG_WARN_ENUM_CONVERSION = YES;
				CLANG_WARN_INFINITE_RECURSION = YES;
				CLANG_WARN_INT_CONVERSION = YES;
				CLANG_WARN_OBJC_ROOT_CLASS = YES_ERROR;
				CLANG_WARN_SUSPICIOUS_MOVE = YES;
				CLANG_WARN_UNREACHABLE_CODE = YES;
				CLANG_WARN__DUPLICATE_METHOD_MATCH = YES;
				"CODE_SIGN_IDENTITY[sdk=iphoneos*]" = "iPhone Developer";
				COPY_PHASE_STRIP = NO;
				DEBUG_INFORMATION_FORMAT = dwarf;
				ENABLE_STRICT_OBJC_MSGSEND = YES;
				ENABLE_TESTABILITY = YES;
				GCC_C_LANGUAGE_STANDARD = gnu99;
				GCC_DYNAMIC_NO_PIC = NO;
				GCC_NO_COMMON_BLOCKS = YES;
				GCC_OPTIMIZATION_LEVEL = 0;
				GCC_PREPROCESSOR_DEFINITIONS = (
					"DEBUG=1",
					"$(inherited)",
				);
				GCC_WARN_64_TO_32_BIT_CONVERSION = YES;
				GCC_WARN_ABOUT_RETURN_TYPE = YES_ERROR;
				GCC_WARN_UNDECLARED_SELECTOR = YES;
				GCC_WARN_UNINITIALIZED_AUTOS = YES_AGGRESSIVE;
				GCC_WARN_UNUSED_FUNCTION = YES;
				GCC_WARN_UNUSED_VARIABLE = YES;
				IPHONEOS_DEPLOYMENT_TARGET = 10.2;
				MTL_ENABLE_DEBUG_INFO = YES;
				ONLY_ACTIVE_ARCH = YES;
				SDKROOT = iphoneos;
				SWIFT_ACTIVE_COMPILATION_CONDITIONS = DEBUG;
				SWIFT_OPTIMIZATION_LEVEL = "-Onone";
				TARGETED_DEVICE_FAMILY = "1,2";
			};
			name = Debug;
		};
		105984311E5E859A0063941D /* Release */ = {
			isa = XCBuildConfiguration;
			buildSettings = {
				ALWAYS_SEARCH_USER_PATHS = NO;
				CLANG_ANALYZER_NONNULL = YES;
				CLANG_CXX_LANGUAGE_STANDARD = "gnu++0x";
				CLANG_CXX_LIBRARY = "libc++";
				CLANG_ENABLE_MODULES = YES;
				CLANG_ENABLE_OBJC_ARC = YES;
				CLANG_WARN_BOOL_CONVERSION = YES;
				CLANG_WARN_CONSTANT_CONVERSION = YES;
				CLANG_WARN_DIRECT_OBJC_ISA_USAGE = YES_ERROR;
				CLANG_WARN_DOCUMENTATION_COMMENTS = YES;
				CLANG_WARN_EMPTY_BODY = YES;
				CLANG_WARN_ENUM_CONVERSION = YES;
				CLANG_WARN_INFINITE_RECURSION = YES;
				CLANG_WARN_INT_CONVERSION = YES;
				CLANG_WARN_OBJC_ROOT_CLASS = YES_ERROR;
				CLANG_WARN_SUSPICIOUS_MOVE = YES;
				CLANG_WARN_UNREACHABLE_CODE = YES;
				CLANG_WARN__DUPLICATE_METHOD_MATCH = YES;
				"CODE_SIGN_IDENTITY[sdk=iphoneos*]" = "iPhone Developer";
				COPY_PHASE_STRIP = NO;
				DEBUG_INFORMATION_FORMAT = "dwarf-with-dsym";
				ENABLE_NS_ASSERTIONS = NO;
				ENABLE_STRICT_OBJC_MSGSEND = YES;
				GCC_C_LANGUAGE_STANDARD = gnu99;
				GCC_NO_COMMON_BLOCKS = YES;
				GCC_WARN_64_TO_32_BIT_CONVERSION = YES;
				GCC_WARN_ABOUT_RETURN_TYPE = YES_ERROR;
				GCC_WARN_UNDECLARED_SELECTOR = YES;
				GCC_WARN_UNINITIALIZED_AUTOS = YES_AGGRESSIVE;
				GCC_WARN_UNUSED_FUNCTION = YES;
				GCC_WARN_UNUSED_VARIABLE = YES;
				IPHONEOS_DEPLOYMENT_TARGET = 10.2;
				MTL_ENABLE_DEBUG_INFO = NO;
				SDKROOT = iphoneos;
				SWIFT_OPTIMIZATION_LEVEL = "-Owholemodule";
				TARGETED_DEVICE_FAMILY = "1,2";
				VALIDATE_PRODUCT = YES;
			};
			name = Release;
		};
		105984331E5E859A0063941D /* Debug */ = {
			isa = XCBuildConfiguration;
			buildSettings = {
				ASSETCATALOG_COMPILER_APPICON_NAME = AppIcon;
				INFOPLIST_FILE = SwiftTests/Info.plist;
				LD_RUNPATH_SEARCH_PATHS = "$(inherited) @executable_path/Frameworks";
				PRODUCT_BUNDLE_IDENTIFIER = foam.SwiftTests;
				PRODUCT_NAME = "$(TARGET_NAME)";
				SWIFT_VERSION = 3.0;
			};
			name = Debug;
		};
		105984341E5E859A0063941D /* Release */ = {
			isa = XCBuildConfiguration;
			buildSettings = {
				ASSETCATALOG_COMPILER_APPICON_NAME = AppIcon;
				INFOPLIST_FILE = SwiftTests/Info.plist;
				LD_RUNPATH_SEARCH_PATHS = "$(inherited) @executable_path/Frameworks";
				PRODUCT_BUNDLE_IDENTIFIER = foam.SwiftTests;
				PRODUCT_NAME = "$(TARGET_NAME)";
				SWIFT_VERSION = 3.0;
			};
			name = Release;
		};
		105984361E5E859A0063941D /* Debug */ = {
			isa = XCBuildConfiguration;
			buildSettings = {
				ALWAYS_EMBED_SWIFT_STANDARD_LIBRARIES = YES;
				BUNDLE_LOADER = "$(TEST_HOST)";
				INFOPLIST_FILE = SwiftTestsTests/Info.plist;
				LD_RUNPATH_SEARCH_PATHS = "$(inherited) @executable_path/Frameworks @loader_path/Frameworks";
				PRODUCT_BUNDLE_IDENTIFIER = foam.SwiftTestsTests;
				PRODUCT_NAME = "$(TARGET_NAME)";
				SWIFT_VERSION = 3.0;
				TEST_HOST = "$(BUILT_PRODUCTS_DIR)/SwiftTests.app/SwiftTests";
			};
			name = Debug;
		};
		105984371E5E859A0063941D /* Release */ = {
			isa = XCBuildConfiguration;
			buildSettings = {
				ALWAYS_EMBED_SWIFT_STANDARD_LIBRARIES = YES;
				BUNDLE_LOADER = "$(TEST_HOST)";
				INFOPLIST_FILE = SwiftTestsTests/Info.plist;
				LD_RUNPATH_SEARCH_PATHS = "$(inherited) @executable_path/Frameworks @loader_path/Frameworks";
				PRODUCT_BUNDLE_IDENTIFIER = foam.SwiftTestsTests;
				PRODUCT_NAME = "$(TARGET_NAME)";
				SWIFT_VERSION = 3.0;
				TEST_HOST = "$(BUILT_PRODUCTS_DIR)/SwiftTests.app/SwiftTests";
			};
			name = Release;
		};
		105984391E5E859A0063941D /* Debug */ = {
			isa = XCBuildConfiguration;
			buildSettings = {
				ALWAYS_EMBED_SWIFT_STANDARD_LIBRARIES = YES;
				INFOPLIST_FILE = SwiftTestsUITests/Info.plist;
				LD_RUNPATH_SEARCH_PATHS = "$(inherited) @executable_path/Frameworks @loader_path/Frameworks";
				PRODUCT_BUNDLE_IDENTIFIER = foam.SwiftTestsUITests;
				PRODUCT_NAME = "$(TARGET_NAME)";
				SWIFT_VERSION = 3.0;
				TEST_TARGET_NAME = SwiftTests;
			};
			name = Debug;
		};
		1059843A1E5E859A0063941D /* Release */ = {
			isa = XCBuildConfiguration;
			buildSettings = {
				ALWAYS_EMBED_SWIFT_STANDARD_LIBRARIES = YES;
				INFOPLIST_FILE = SwiftTestsUITests/Info.plist;
				LD_RUNPATH_SEARCH_PATHS = "$(inherited) @executable_path/Frameworks @loader_path/Frameworks";
				PRODUCT_BUNDLE_IDENTIFIER = foam.SwiftTestsUITests;
				PRODUCT_NAME = "$(TARGET_NAME)";
				SWIFT_VERSION = 3.0;
				TEST_TARGET_NAME = SwiftTests;
			};
			name = Release;
		};
/* End XCBuildConfiguration section */

/* Begin XCConfigurationList section */
		105984051E5E859A0063941D /* Build configuration list for PBXProject "SwiftTests" */ = {
			isa = XCConfigurationList;
			buildConfigurations = (
				105984301E5E859A0063941D /* Debug */,
				105984311E5E859A0063941D /* Release */,
			);
			defaultConfigurationIsVisible = 0;
			defaultConfigurationName = Release;
		};
		105984321E5E859A0063941D /* Build configuration list for PBXNativeTarget "SwiftTests" */ = {
			isa = XCConfigurationList;
			buildConfigurations = (
				105984331E5E859A0063941D /* Debug */,
				105984341E5E859A0063941D /* Release */,
			);
			defaultConfigurationIsVisible = 0;
			defaultConfigurationName = Release;
		};
		105984351E5E859A0063941D /* Build configuration list for PBXNativeTarget "SwiftTestsTests" */ = {
			isa = XCConfigurationList;
			buildConfigurations = (
				105984361E5E859A0063941D /* Debug */,
				105984371E5E859A0063941D /* Release */,
			);
			defaultConfigurationIsVisible = 0;
			defaultConfigurationName = Release;
		};
		105984381E5E859A0063941D /* Build configuration list for PBXNativeTarget "SwiftTestsUITests" */ = {
			isa = XCConfigurationList;
			buildConfigurations = (
				105984391E5E859A0063941D /* Debug */,
				1059843A1E5E859A0063941D /* Release */,
			);
			defaultConfigurationIsVisible = 0;
			defaultConfigurationName = Release;
		};
/* End XCConfigurationList section */
	};
	rootObject = 105984021E5E859A0063941D /* Project object */;
}
